
Microsoft Visual Studio Solution File, Format Version 11.00
# Visual Studio 2010
Project("{FAE04EC0-301F-11D3-BF4B-00C04F79EFBC}") = "Assembly-CSharp-firstpass", "Assembly-CSharp-firstpass.csproj", "{64c482f2-0175-435b-ce23-03b087d00209}"
EndProject
Project("{FAE04EC0-301F-11D3-BF4B-00C04F79EFBC}") = "Assembly-CSharp", "Assembly-CSharp.csproj", "{b78acc30-34a7-23de-2ed9-cd8553dc0ce9}"
EndProject
Project("{FAE04EC0-301F-11D3-BF4B-00C04F79EFBC}") = "Assembly-CSharp-Editor", "Assembly-CSharp-Editor.csproj", "{7b33cf3c-edac-adde-72ad-86a04ec99bdb}"
EndProject
Project("{FAE04EC0-301F-11D3-BF4B-00C04F79EFBC}") = "Assembly-CSharp-Editor-firstpass", "Assembly-CSharp-Editor-firstpass.csproj", "{78c27635-1993-3d8d-3791-28fd2a76b781}"
EndProject
Global
	GlobalSection(SolutionConfigurationPlatforms) = preSolution
		Debug|Any CPU = Debug|Any CPU
	EndGlobalSection
	GlobalSection(ProjectConfigurationPlatforms) = postSolution
		{64c482f2-0175-435b-ce23-03b087d00209}.Debug|Any CPU.ActiveCfg = Debug|Any CPU
		{64c482f2-0175-435b-ce23-03b087d00209}.Debug|Any CPU.Build.0 = Debug|Any CPU
		{b78acc30-34a7-23de-2ed9-cd8553dc0ce9}.Debug|Any CPU.ActiveCfg = Debug|Any CPU
		{b78acc30-34a7-23de-2ed9-cd8553dc0ce9}.Debug|Any CPU.Build.0 = Debug|Any CPU
		{7b33cf3c-edac-adde-72ad-86a04ec99bdb}.Debug|Any CPU.ActiveCfg = Debug|Any CPU
		{7b33cf3c-edac-adde-72ad-86a04ec99bdb}.Debug|Any CPU.Build.0 = Debug|Any CPU
		{78c27635-1993-3d8d-3791-28fd2a76b781}.Debug|Any CPU.ActiveCfg = Debug|Any CPU
		{78c27635-1993-3d8d-3791-28fd2a76b781}.Debug|Any CPU.Build.0 = Debug|Any CPU
	EndGlobalSection
	GlobalSection(SolutionProperties) = preSolution
		HideSolutionNode = FALSE
	EndGlobalSection
EndGlobal
